
Microsoft Visual Studio Solution File, Format Version 12.00
# Visual Studio Version 17
VisualStudioVersion = 17.10.34916.146
MinimumVisualStudioVersion = 10.0.40219.1
Project("{FAE04EC0-301F-11D3-BF4B-00C04F79EFBC}") = "Adoption", "Adoption\Adoption.csproj", "{F419D724-EF62-4B0B-B93C-4A7D40506A78}"
EndProject
Global
	GlobalSection(SolutionConfigurationPlatforms) = preSolution
		Debug|Any CPU = Debug|Any CPU
		Release|Any CPU = Release|Any CPU
	EndGlobalSection
	GlobalSection(ProjectConfigurationPlatforms) = postSolution
		{F419D724-EF62-4B0B-B93C-4A7D40506A78}.Debug|Any CPU.ActiveCfg = Debug|Any CPU
		{F419D724-EF62-4B0B-B93C-4A7D40506A78}.Debug|Any CPU.Build.0 = Debug|Any CPU
		{F419D724-EF62-4B0B-B93C-4A7D40506A78}.Release|Any CPU.ActiveCfg = Release|Any CPU
		{F419D724-EF62-4B0B-B93C-4A7D40506A78}.Release|Any CPU.Build.0 = Release|Any CPU
	EndGlobalSection
	GlobalSection(SolutionProperties) = preSolution
		HideSolutionNode = FALSE
	EndGlobalSection
	GlobalSection(ExtensibilityGlobals) = postSolution
		SolutionGuid = {D2501927-6E9C-4912-A173-EFB4E7BEA193}
	EndGlobalSection
EndGlobal
