
Microsoft Visual Studio Solution File, Format Version 12.00
# Visual Studio Version 17
VisualStudioVersion = 17.9.34728.123
MinimumVisualStudioVersion = 10.0.40219.1
Project("{FAE04EC0-301F-11D3-BF4B-00C04F79EFBC}") = "Assessment1", "Assessment1.csproj", "{5E6DBAB7-8642-440F-A5C2-A6A52CEB57E6}"
EndProject
Global
	GlobalSection(SolutionConfigurationPlatforms) = preSolution
		Debug|Any CPU = Debug|Any CPU
		Release|Any CPU = Release|Any CPU
	EndGlobalSection
	GlobalSection(ProjectConfigurationPlatforms) = postSolution
		{5E6DBAB7-8642-440F-A5C2-A6A52CEB57E6}.Debug|Any CPU.ActiveCfg = Debug|Any CPU
		{5E6DBAB7-8642-440F-A5C2-A6A52CEB57E6}.Debug|Any CPU.Build.0 = Debug|Any CPU
		{5E6DBAB7-8642-440F-A5C2-A6A52CEB57E6}.Release|Any CPU.ActiveCfg = Release|Any CPU
		{5E6DBAB7-8642-440F-A5C2-A6A52CEB57E6}.Release|Any CPU.Build.0 = Release|Any CPU
	EndGlobalSection
	GlobalSection(SolutionProperties) = preSolution
		HideSolutionNode = FALSE
	EndGlobalSection
	GlobalSection(ExtensibilityGlobals) = postSolution
		SolutionGuid = {94856991-7F99-42F7-9EC8-A1A25ADB3F8C}
	EndGlobalSection
EndGlobal
