
Microsoft Visual Studio Solution File, Format Version 12.00
# Visual Studio Version 17
VisualStudioVersion = 17.8.34525.116
MinimumVisualStudioVersion = 10.0.40219.1
Project("{FAE04EC0-301F-11D3-BF4B-00C04F79EFBC}") = "DiceRoller", "DiceRoller.csproj", "{FAD74D2F-DF4B-46CF-A166-4E01B3FDE665}"
EndProject
Global
	GlobalSection(SolutionConfigurationPlatforms) = preSolution
		Debug|Any CPU = Debug|Any CPU
		Release|Any CPU = Release|Any CPU
	EndGlobalSection
	GlobalSection(ProjectConfigurationPlatforms) = postSolution
		{FAD74D2F-DF4B-46CF-A166-4E01B3FDE665}.Debug|Any CPU.ActiveCfg = Debug|Any CPU
		{FAD74D2F-DF4B-46CF-A166-4E01B3FDE665}.Debug|Any CPU.Build.0 = Debug|Any CPU
		{FAD74D2F-DF4B-46CF-A166-4E01B3FDE665}.Release|Any CPU.ActiveCfg = Release|Any CPU
		{FAD74D2F-DF4B-46CF-A166-4E01B3FDE665}.Release|Any CPU.Build.0 = Release|Any CPU
	EndGlobalSection
	GlobalSection(SolutionProperties) = preSolution
		HideSolutionNode = FALSE
	EndGlobalSection
	GlobalSection(ExtensibilityGlobals) = postSolution
		SolutionGuid = {5DBBE5B6-9A79-409E-BE1F-3289CB201134}
	EndGlobalSection
EndGlobal
