
Microsoft Visual Studio Solution File, Format Version 12.00
# Visual Studio Version 17
VisualStudioVersion = 17.9.34728.123
MinimumVisualStudioVersion = 10.0.40219.1
Project("{FAE04EC0-301F-11D3-BF4B-00C04F79EFBC}") = "Student Database", "Student Database.csproj", "{10EFF99A-EE10-43B6-8FD3-B99BB327AF16}"
EndProject
Global
	GlobalSection(SolutionConfigurationPlatforms) = preSolution
		Debug|Any CPU = Debug|Any CPU
		Release|Any CPU = Release|Any CPU
	EndGlobalSection
	GlobalSection(ProjectConfigurationPlatforms) = postSolution
		{10EFF99A-EE10-43B6-8FD3-B99BB327AF16}.Debug|Any CPU.ActiveCfg = Debug|Any CPU
		{10EFF99A-EE10-43B6-8FD3-B99BB327AF16}.Debug|Any CPU.Build.0 = Debug|Any CPU
		{10EFF99A-EE10-43B6-8FD3-B99BB327AF16}.Release|Any CPU.ActiveCfg = Release|Any CPU
		{10EFF99A-EE10-43B6-8FD3-B99BB327AF16}.Release|Any CPU.Build.0 = Release|Any CPU
	EndGlobalSection
	GlobalSection(SolutionProperties) = preSolution
		HideSolutionNode = FALSE
	EndGlobalSection
	GlobalSection(ExtensibilityGlobals) = postSolution
		SolutionGuid = {3BA38F92-2AD6-4EFE-A0FF-211A86137FDA}
	EndGlobalSection
EndGlobal
